SITE
  remote: http://community.opscode.com/api/v1
  specs:
    apache2 (1.6.0)
    apt (1.9.0)
    ark (0.1.0)
    aws (0.101.0)
    build-essential (1.3.4)
    chef_handler (1.1.4)
    cron (1.2.2)
    curl (1.1.0)
    dmg (1.1.0)
    git (2.3.0)
      build-essential (>= 0.0.0)
      dmg (>= 0.0.0)
      runit (~> 1.0)
      windows (>= 0.0.0)
      yum (>= 0.0.0)
    hostname (0.0.4)
    imagemagick (0.2.2)
    iptables (0.12.0)
    logrotate (1.1.0)
    maven (0.16.2)
      ark (>= 0.0.0)
      java (>= 0.0.0)
    memcached (1.3.0)
      runit (~> 1.0)
      yum (>= 0.0.0)
    monit (0.7.0)
    mysql (2.1.2)
      build-essential (>= 0.0.0)
      openssl (>= 0.0.0)
    nginx (1.4.0)
      apt (>= 0.0.0)
      build-essential (>= 0.0.0)
      ohai (>= 1.1.4)
      yum (>= 0.0.0)
    nodejs (1.1.1)
      apt (>= 0.0.0)
      build-essential (>= 0.0.0)
    ntp (1.3.2)
    ohai (1.1.8)
    openssh (1.1.4)
    openssl (1.0.2)
    passenger_apache2 (2.0.0)
      apache2 (>= 1.0.4)
      build-essential (>= 0.0.0)
    pkgin (0.4.0)
    postgresql (3.0.0)
      apt (>= 0.0.0)
      build-essential (>= 0.0.0)
      openssl (>= 0.0.0)
    python (1.2.2)
      build-essential (>= 0.0.0)
      yum (>= 0.0.0)
    rbac (0.0.3)
    redisio (1.4.1)
      ulimit (>= 0.1.2)
    runit (1.1.0)
      build-essential (>= 0.0.0)
    ssl (1.0.7)
    sudo (2.0.4)
    sysstat (1.2.0)
    timezone (0.0.1)
    tmux (1.2.2)
    ubuntu (1.1.2)
      apt (>= 0.0.0)
    ulimit (0.1.3)
    unicorn (1.2.2)
    vim (1.0.2)
    windows (1.8.4)
      chef_handler (>= 0.0.0)
    xfs (1.1.0)
    xml (1.1.2)
      build-essential (>= 0.0.0)
    yum (2.1.0)
    zlib (2.0.0)

GIT
  remote: git://github.com/Lanio/chef-fanfare.git
  ref: master
  sha: b5da412b00fec0a06f6ba7d5390b1e652ac5634d
  specs:
    fanfare (0.1.3)
      database (>= 0.0.0)
      mysql (>= 0.0.0)
      nginx (>= 0.0.0)
      postgresql (>= 0.0.0)
      user (>= 0.0.0)

GIT
  remote: git://github.com/burriko/chef-user.git
  ref: 055c009bfca500c2b10355764063de8a7e7174a9
  sha: 055c009bfca500c2b10355764063de8a7e7174a9
  specs:
    user (0.3.1)

GIT
  remote: git://github.com/dkastner/chef-collectd
  ref: master
  sha: 0aa9bce250d4beb7352a862cc3a9ee46aa611f84
  specs:
    collectd (0.0.8)
      build-essential (>= 0.0.0)
      yum (>= 0.0.0)

GIT
  remote: git://github.com/dkastner/chef-graphiti.git
  ref: master
  sha: b95dd43be5623c1c3b53feedb99ad41ad3db681d
  specs:
    graphiti (0.0.1)
      build-essential (>= 0.0.0)
      runit (>= 0.0.0)

GIT
  remote: git://github.com/dkastner/chef-ssh-keys.git
  ref: master
  sha: de04cf212fa5118c121bcf3ebe4d12d192180c68
  specs:
    ssh-keys (1.0.0)

GIT
  remote: git://github.com/fnichol/chef-rbenv.git
  ref: v0.7.2
  sha: f2b53292e810dd2b43f6121f9958f5f29979dcb1
  specs:
    rbenv (0.7.2)

GIT
  remote: git://github.com/fnichol/chef-ruby_build.git
  ref: v0.7.2
  sha: c940b5e9cd40eaba10d6285de6648f4d25fe959d
  specs:
    ruby_build (0.7.2)

GIT
  remote: git://github.com/hectcastro/chef-statsd.git
  ref: master
  sha: 0349f8f6c69fb8977ce1cd6065df9bc3d0d152e3
  specs:
    statsd (0.0.11)
      git (>= 0.0.0)
      logrotate (>= 0.0.0)
      nodejs (>= 0.0.0)

GIT
  remote: git://github.com/hw-cookbooks/graphite.git
  ref: master
  sha: 39b0e35d437a7a8d4a8ce09e2617fdda4c917801
  specs:
    graphite (0.4.2)
      apache2 (>= 0.0.0)
      memcached (>= 0.0.0)
      python (>= 0.0.0)
      runit (~> 1.0)

GIT
  remote: git://github.com/markolson/chef-ssh.git
  ref: master
  sha: 05d27ce77b0e6d5ee3ae82f961d58a8f59546a92
  specs:
    ssh (0.6.3)

GIT
  remote: git://github.com/michaelklapper/database.git
  ref: grant_statement
  sha: fcbcea0c1faa27aaf977f86471a3cb18ef7868d0
  specs:
    database (1.3.8)
      aws (>= 0.0.0)
      mysql (>= 1.3.0)
      postgresql (>= 1.0.0)
      xfs (>= 0.0.0)

GIT
  remote: git://github.com/modcloth-cookbooks/smartos.git
  ref: master
  sha: 9dba81e172580f87772d554d512edd2155e9aa26
  specs:
    smartos (0.0.7)
      ohai (>= 0.0.0)

GIT
  remote: git://github.com/modcloth-cookbooks/smf.git
  ref: master
  sha: 4bcf9326610ffb12335652369b7cf793813a8534
  specs:
    smf (0.6.9)
      rbac (>= 0.0.2)

GIT
  remote: git://github.com/wanelo-chef/redis.git
  ref: master
  sha: 740c41cf350f6a18f01f738e7ff574a6ceae3447
  specs:
    redis (0.0.1)
      smartos (>= 0.0.0)

PATH
  remote: ../chef-jetty
  specs:
    jetty (0.1.0)
      iptables (>= 0.0.0)
      java (>= 0.0.0)

PATH
  remote: ../chef-solr-jetty-maven
  specs:
    solr-jetty-maven (0.1.2)
      maven (>= 0.0.0)

PATH
  remote: ../java
  specs:
    java (1.6.5)

PATH
  remote: ../company-cookbook
  specs:
    company (0.1.0)
      database (>= 0.0.0)
      git (>= 0.0.0)
      iptables (>= 0.0.0)
      nginx (>= 0.0.0)
      ohai (>= 0.0.0)
      postgresql (>= 0.0.0)
      rbenv (>= 0.0.0)
      redis (>= 0.0.0)
      ruby_build (>= 0.0.0)
      smartos (>= 0.0.0)
      smf (>= 0.0.0)
      solr-jetty-maven (>= 0.0.0)
      ssh (>= 0.0.0)
      user (>= 0.0.0)

DEPENDENCIES
  apache2 (>= 0)
  apt (>= 1.4.8)
  aws (>= 0)
  build-essential (>= 0)
  collectd (>= 0)
  cron (>= 1.0.4)
  curl (>= 1.1.0)
  database (>= 0)
  fanfare (>= 0)
  git (>= 0)
  graphite (>= 0)
  graphiti (>= 0)
  hostname (>= 0)
  imagemagick (>= 0.2.2)
  iptables (>= 0.10.0)
  java (>= 0)
  jetty (>= 0)
  company (>= 0)
  logrotate (>= 0.8.2)
  monit (>= 0)
  mysql (>= 0)
  nginx (>= 0)
  ntp (>= 1.1.8)
  openssh (>= 0.8.0)
  openssl (>= 1.0.0)
  passenger_apache2 (>= 0)
  pkgin (>= 0)
  rbenv (>= 0)
  redis (>= 0)
  redisio (>= 0)
  ruby_build (>= 0)
  smartos (>= 0)
  smf (>= 0)
  solr-jetty-maven (>= 0)
  ssh (>= 0)
  ssh-keys (>= 0)
  ssl (>= 1.0.7)
  statsd (>= 0)
  sudo (>= 1.1.0)
  sysstat (>= 1.1.8)
  timezone (>= 0.0.1)
  tmux (>= 0)
  ubuntu (>= 0)
  unicorn (>= 0)
  user (>= 0)
  vim (>= 0)
  xml (>= 0)
  zlib (>= 0)

